// !$*UTF8*$!
{
	archiveVersion = 1;
	classes = {
	};
	objectVersion = 56;
	objects = {

/* Begin PBXBuildFile section */
		1625E1FB2C4888B100CC0151 /* AppDelegate.swift in Sources */ = {isa = PBXBuildFile; fileRef = 1625E1FA2C4888B100CC0151 /* AppDelegate.swift */; };
		1625E1FD2C4888B100CC0151 /* SceneDelegate.swift in Sources */ = {isa = PBXBuildFile; fileRef = 1625E1FC2C4888B100CC0151 /* SceneDelegate.swift */; };
		1625E1FF2C4888B100CC0151 /* ViewController.swift in Sources */ = {isa = PBXBuildFile; fileRef = 1625E1FE2C4888B100CC0151 /* ViewController.swift */; };
		1625E2022C4888B100CC0151 /* Base in Resources */ = {isa = PBXBuildFile; fileRef = 1625E2012C4888B100CC0151 /* Base */; };
		1625E2042C4888B300CC0151 /* Assets.xcassets in Resources */ = {isa = PBXBuildFile; fileRef = 1625E2032C4888B300CC0151 /* Assets.xcassets */; };
		1625E2072C4888B300CC0151 /* Base in Resources */ = {isa = PBXBuildFile; fileRef = 1625E2062C4888B300CC0151 /* Base */; };
		1625E20F2C488D9400CC0151 /* Tela2ViewController.swift in Sources */ = {isa = PBXBuildFile; fileRef = 1625E20E2C488D9400CC0151 /* Tela2ViewController.swift */; };
		1625E2152C488F4800CC0151 /* Tela2ViewController.storyboard in Resources */ = {isa = PBXBuildFile; fileRef = 1625E2142C488F4800CC0151 /* Tela2ViewController.storyboard */; };
/* End PBXBuildFile section */

/* Begin PBXFileReference section */
		1625E1F72C4888B100CC0151 /* DesafioTransitandoInformacoesEntreTelas.app */ = {isa = PBXFileReference; explicitFileType = wrapper.application; includeInIndex = 0; path = DesafioTransitandoInformacoesEntreTelas.app; sourceTree = BUILT_PRODUCTS_DIR; };
		1625E1FA2C4888B100CC0151 /* AppDelegate.swift */ = {isa = PBXFileReference; lastKnownFileType = sourcecode.swift; path = AppDelegate.swift; sourceTree = "<group>"; };
		1625E1FC2C4888B100CC0151 /* SceneDelegate.swift */ = {isa = PBXFileReference; lastKnownFileType = sourcecode.swift; path = SceneDelegate.swift; sourceTree = "<group>"; };
		1625E1FE2C4888B100CC0151 /* ViewController.swift */ = {isa = PBXFileReference; lastKnownFileType = sourcecode.swift; path = ViewController.swift; sourceTree = "<group>"; };
		1625E2012C4888B100CC0151 /* Base */ = {isa = PBXFileReference; lastKnownFileType = file.storyboard; name = Base; path = Base.lproj/Main.storyboard; sourceTree = "<group>"; };
		1625E2032C4888B300CC0151 /* Assets.xcassets */ = {isa = PBXFileReference; lastKnownFileType = folder.assetcatalog; path = Assets.xcassets; sourceTree = "<group>"; };
		1625E2062C4888B300CC0151 /* Base */ = {isa = PBXFileReference; lastKnownFileType = file.storyboard; name = Base; path = Base.lproj/LaunchScreen.storyboard; sourceTree = "<group>"; };
		1625E2082C4888B300CC0151 /* Info.plist */ = {isa = PBXFileReference; lastKnownFileType = text.plist.xml; path = Info.plist; sourceTree = "<group>"; };
		1625E20E2C488D9400CC0151 /* Tela2ViewController.swift */ = {isa = PBXFileReference; lastKnownFileType = sourcecode.swift; path = Tela2ViewController.swift; sourceTree = "<group>"; };
		1625E2142C488F4800CC0151 /* Tela2ViewController.storyboard */ = {isa = PBXFileReference; lastKnownFileType = file.storyboard; path = Tela2ViewController.storyboard; sourceTree = "<group>"; };
/* End PBXFileReference section */

/* Begin PBXFrameworksBuildPhase section */
		1625E1F42C4888B100CC0151 /* Frameworks */ = {
			isa = PBXFrameworksBuildPhase;
			buildActionMask = 2147483647;
			files = (
			);
			runOnlyForDeploymentPostprocessing = 0;
		};
/* End PBXFrameworksBuildPhase section */

/* Begin PBXGroup section */
		1625E1EE2C4888B100CC0151 = {
			isa = PBXGroup;
			children = (
				1625E1F92C4888B100CC0151 /* DesafioTransitandoInformacoesEntreTelas */,
				1625E1F82C4888B100CC0151 /* Products */,
			);
			sourceTree = "<group>";
		};
		1625E1F82C4888B100CC0151 /* Products */ = {
			isa = PBXGroup;
			children = (
				1625E1F72C4888B100CC0151 /* DesafioTransitandoInformacoesEntreTelas.app */,
			);
			name = Products;
			sourceTree = "<group>";
		};
		1625E1F92C4888B100CC0151 /* DesafioTransitandoInformacoesEntreTelas */ = {
			isa = PBXGroup;
			children = (
				1625E2112C488E0100CC0151 /* Tela02 */,
				1625E2102C488DE200CC0151 /* Tela01 */,
				1625E1FA2C4888B100CC0151 /* AppDelegate.swift */,
				1625E1FC2C4888B100CC0151 /* SceneDelegate.swift */,
				1625E2032C4888B300CC0151 /* Assets.xcassets */,
				1625E2052C4888B300CC0151 /* LaunchScreen.storyboard */,
				1625E2082C4888B300CC0151 /* Info.plist */,
			);
			path = DesafioTransitandoInformacoesEntreTelas;
			sourceTree = "<group>";
		};
		1625E2102C488DE200CC0151 /* Tela01 */ = {
			isa = PBXGroup;
			children = (
				1625E1FE2C4888B100CC0151 /* ViewController.swift */,
				1625E2002C4888B100CC0151 /* Main.storyboard */,
			);
			path = Tela01;
			sourceTree = "<group>";
		};
		1625E2112C488E0100CC0151 /* Tela02 */ = {
			isa = PBXGroup;
			children = (
				1625E20E2C488D9400CC0151 /* Tela2ViewController.swift */,
				1625E2142C488F4800CC0151 /* Tela2ViewController.storyboard */,
			);
			path = Tela02;
			sourceTree = "<group>";
		};
/* End PBXGroup section */

/* Begin PBXNativeTarget section */
		1625E1F62C4888B100CC0151 /* DesafioTransitandoInformacoesEntreTelas */ = {
			isa = PBXNativeTarget;
			buildConfigurationList = 1625E20B2C4888B300CC0151 /* Build configuration list for PBXNativeTarget "DesafioTransitandoInformacoesEntreTelas" */;
			buildPhases = (
				1625E1F32C4888B100CC0151 /* Sources */,
				1625E1F42C4888B100CC0151 /* Frameworks */,
				1625E1F52C4888B100CC0151 /* Resources */,
			);
			buildRules = (
			);
			dependencies = (
			);
			name = DesafioTransitandoInformacoesEntreTelas;
			productName = DesafioTransitandoInformacoesEntreTelas;
			productReference = 1625E1F72C4888B100CC0151 /* DesafioTransitandoInformacoesEntreTelas.app */;
			productType = "com.apple.product-type.application";
		};
/* End PBXNativeTarget section */

/* Begin PBXProject section */
		1625E1EF2C4888B100CC0151 /* Project object */ = {
			isa = PBXProject;
			attributes = {
				BuildIndependentTargetsInParallel = 1;
				LastSwiftUpdateCheck = 1540;
				LastUpgradeCheck = 1540;
				TargetAttributes = {
					1625E1F62C4888B100CC0151 = {
						CreatedOnToolsVersion = 15.4;
					};
				};
			};
			buildConfigurationList = 1625E1F22C4888B100CC0151 /* Build configuration list for PBXProject "DesafioTransitandoInformacoesEntreTelas" */;
			compatibilityVersion = "Xcode 14.0";
			developmentRegion = en;
			hasScannedForEncodings = 0;
			knownRegions = (
				en,
				Base,
			);
			mainGroup = 1625E1EE2C4888B100CC0151;
			productRefGroup = 1625E1F82C4888B100CC0151 /* Products */;
			projectDirPath = "";
			projectRoot = "";
			targets = (
				1625E1F62C4888B100CC0151 /* DesafioTransitandoInformacoesEntreTelas */,
			);
		};
/* End PBXProject section */

/* Begin PBXResourcesBuildPhase section */
		1625E1F52C4888B100CC0151 /* Resources */ = {
			isa = PBXResourcesBuildPhase;
			buildActionMask = 2147483647;
			files = (
				1625E2042C4888B300CC0151 /* Assets.xcassets in Resources */,
				1625E2152C488F4800CC0151 /* Tela2ViewController.storyboard in Resources */,
				1625E2072C4888B300CC0151 /* Base in Resources */,
				1625E2022C4888B100CC0151 /* Base in Resources */,
			);
			runOnlyForDeploymentPostprocessing = 0;
		};
/* End PBXResourcesBuildPhase section */

/* Begin PBXSourcesBuildPhase section */
		1625E1F32C4888B100CC0151 /* Sources */ = {
			isa = PBXSourcesBuildPhase;
			buildActionMask = 2147483647;
			files = (
				1625E1FF2C4888B100CC0151 /* ViewController.swift in Sources */,
				1625E1FB2C4888B100CC0151 /* AppDelegate.swift in Sources */,
				1625E1FD2C4888B100CC0151 /* SceneDelegate.swift in Sources */,
				1625E20F2C488D9400CC0151 /* Tela2ViewController.swift in Sources */,
			);
			runOnlyForDeploymentPostprocessing = 0;
		};
/* End PBXSourcesBuildPhase section */

/* Begin PBXVariantGroup section */
		1625E2002C4888B100CC0151 /* Main.storyboard */ = {
			isa = PBXVariantGroup;
			children = (
				1625E2012C4888B100CC0151 /* Base */,
			);
			name = Main.storyboard;
			sourceTree = "<group>";
		};
		1625E2052C4888B300CC0151 /* LaunchScreen.storyboard */ = {
			isa = PBXVariantGroup;
			children = (
				1625E2062C4888B300CC0151 /* Base */,
			);
			name = LaunchScreen.storyboard;
			sourceTree = "<group>";
		};
/* End PBXVariantGroup section */

/* Begin XCBuildConfiguration section */
		1625E2092C4888B300CC0151 /* Debug */ = {
			isa = XCBuildConfiguration;
			buildSettings = {
				ALWAYS_SEARCH_USER_PATHS = NO;
				ASSETCATALOG_COMPILER_GENERATE_SWIFT_ASSET_SYMBOL_EXTENSIONS = YES;
				CLANG_ANALYZER_NONNULL = YES;
				CLANG_ANALYZER_NUMBER_OBJECT_CONVERSION = YES_AGGRESSIVE;
				CLANG_CXX_LANGUAGE_STANDARD = "gnu++20";
				CLANG_ENABLE_MODULES = YES;
				CLANG_ENABLE_OBJC_ARC = YES;
				CLANG_ENABLE_OBJC_WEAK = YES;
				CLANG_WARN_BLOCK_CAPTURE_AUTORELEASING = YES;
				CLANG_WARN_BOOL_CONVERSION = YES;
				CLANG_WARN_COMMA = YES;
				CLANG_WARN_CONSTANT_CONVERSION = YES;
				CLANG_WARN_DEPRECATED_OBJC_IMPLEMENTATIONS = YES;
				CLANG_WARN_DIRECT_OBJC_ISA_USAGE = YES_ERROR;
				CLANG_WARN_DOCUMENTATION_COMMENTS = YES;
				CLANG_WARN_EMPTY_BODY = YES;
				CLANG_WARN_ENUM_CONVERSION = YES;
				CLANG_WARN_INFINITE_RECURSION = YES;
				CLANG_WARN_INT_CONVERSION = YES;
				CLANG_WARN_NON_LITERAL_NULL_CONVERSION = YES;
				CLANG_WARN_OBJC_IMPLICIT_RETAIN_SELF = YES;
				CLANG_WARN_OBJC_LITERAL_CONVERSION = YES;
				CLANG_WARN_OBJC_ROOT_CLASS = YES_ERROR;
				CLANG_WARN_QUOTED_INCLUDE_IN_FRAMEWORK_HEADER = YES;
				CLANG_WARN_RANGE_LOOP_ANALYSIS = YES;
				CLANG_WARN_STRICT_PROTOTYPES = YES;
				CLANG_WARN_SUSPICIOUS_MOVE = YES;
				CLANG_WARN_UNGUARDED_AVAILABILITY = YES_AGGRESSIVE;
				CLANG_WARN_UNREACHABLE_CODE = YES;
				CLANG_WARN__DUPLICATE_METHOD_MATCH = YES;
				COPY_PHASE_STRIP = NO;
				DEBUG_INFORMATION_FORMAT = dwarf;
				ENABLE_STRICT_OBJC_MSGSEND = YES;
				ENABLE_TESTABILITY = YES;
				ENABLE_USER_SCRIPT_SANDBOXING = YES;
				GCC_C_LANGUAGE_STANDARD = gnu17;
				GCC_DYNAMIC_NO_PIC = NO;
				GCC_NO_COMMON_BLOCKS = YES;
				GCC_OPTIMIZATION_LEVEL = 0;
				GCC_PREPROCESSOR_DEFINITIONS = (
					"DEBUG=1",
					"$(inherited)",
				);
				GCC_WARN_64_TO_32_BIT_CONVERSION = YES;
				GCC_WARN_ABOUT_RETURN_TYPE = YES_ERROR;
				GCC_WARN_UNDECLARED_SELECTOR = YES;
				GCC_WARN_UNINITIALIZED_AUTOS = YES_AGGRESSIVE;
				GCC_WARN_UNUSED_FUNCTION = YES;
				GCC_WARN_UNUSED_VARIABLE = YES;
				IPHONEOS_DEPLOYMENT_TARGET = 17.5;
				LOCALIZATION_PREFERS_STRING_CATALOGS = YES;
				MTL_ENABLE_DEBUG_INFO = INCLUDE_SOURCE;
				MTL_FAST_MATH = YES;
				ONLY_ACTIVE_ARCH = YES;
				SDKROOT = iphoneos;
				SWIFT_ACTIVE_COMPILATION_CONDITIONS = "DEBUG $(inherited)";
				SWIFT_OPTIMIZATION_LEVEL = "-Onone";
			};
			name = Debug;
		};
		1625E20A2C4888B300CC0151 /* Release */ = {
			isa = XCBuildConfiguration;
			buildSettings = {
				ALWAYS_SEARCH_USER_PATHS = NO;
				ASSETCATALOG_COMPILER_GENERATE_SWIFT_ASSET_SYMBOL_EXTENSIONS = YES;
				CLANG_ANALYZER_NONNULL = YES;
				CLANG_ANALYZER_NUMBER_OBJECT_CONVERSION = YES_AGGRESSIVE;
				CLANG_CXX_LANGUAGE_STANDARD = "gnu++20";
				CLANG_ENABLE_MODULES = YES;
				CLANG_ENABLE_OBJC_ARC = YES;
				CLANG_ENABLE_OBJC_WEAK = YES;
				CLANG_WARN_BLOCK_CAPTURE_AUTORELEASING = YES;
				CLANG_WARN_BOOL_CONVERSION = YES;
				CLANG_WARN_COMMA = YES;
				CLANG_WARN_CONSTANT_CONVERSION = YES;
				CLANG_WARN_DEPRECATED_OBJC_IMPLEMENTATIONS = YES;
				CLANG_WARN_DIRECT_OBJC_ISA_USAGE = YES_ERROR;
				CLANG_WARN_DOCUMENTATION_COMMENTS = YES;
				CLANG_WARN_EMPTY_BODY = YES;
				CLANG_WARN_ENUM_CONVERSION = YES;
				CLANG_WARN_INFINITE_RECURSION = YES;
				CLANG_WARN_INT_CONVERSION = YES;
				CLANG_WARN_NON_LITERAL_NULL_CONVERSION = YES;
				CLANG_WARN_OBJC_IMPLICIT_RETAIN_SELF = YES;
				CLANG_WARN_OBJC_LITERAL_CONVERSION = YES;
				CLANG_WARN_OBJC_ROOT_CLASS = YES_ERROR;
				CLANG_WARN_QUOTED_INCLUDE_IN_FRAMEWORK_HEADER = YES;
				CLANG_WARN_RANGE_LOOP_ANALYSIS = YES;
				CLANG_WARN_STRICT_PROTOTYPES = YES;
				CLANG_WARN_SUSPICIOUS_MOVE = YES;
				CLANG_WARN_UNGUARDED_AVAILABILITY = YES_AGGRESSIVE;
				CLANG_WARN_UNREACHABLE_CODE = YES;
				CLANG_WARN__DUPLICATE_METHOD_MATCH = YES;
				COPY_PHASE_STRIP = NO;
				DEBUG_INFORMATION_FORMAT = "dwarf-with-dsym";
				ENABLE_NS_ASSERTIONS = NO;
				ENABLE_STRICT_OBJC_MSGSEND = YES;
				ENABLE_USER_SCRIPT_SANDBOXING = YES;
				GCC_C_LANGUAGE_STANDARD = gnu17;
				GCC_NO_COMMON_BLOCKS = YES;
				GCC_WARN_64_TO_32_BIT_CONVERSION = YES;
				GCC_WARN_ABOUT_RETURN_TYPE = YES_ERROR;
				GCC_WARN_UNDECLARED_SELECTOR = YES;
				GCC_WARN_UNINITIALIZED_AUTOS = YES_AGGRESSIVE;
				GCC_WARN_UNUSED_FUNCTION = YES;
				GCC_WARN_UNUSED_VARIABLE = YES;
				IPHONEOS_DEPLOYMENT_TARGET = 17.5;
				LOCALIZATION_PREFERS_STRING_CATALOGS = YES;
				MTL_ENABLE_DEBUG_INFO = NO;
				MTL_FAST_MATH = YES;
				SDKROOT = iphoneos;
				SWIFT_COMPILATION_MODE = wholemodule;
				VALIDATE_PRODUCT = YES;
			};
			name = Release;
		};
		1625E20C2C4888B300CC0151 /* Debug */ = {
			isa = XCBuildConfiguration;
			buildSettings = {
				ASSETCATALOG_COMPILER_APPICON_NAME = AppIcon;
				ASSETCATALOG_COMPILER_GLOBAL_ACCENT_COLOR_NAME = AccentColor;
				CODE_SIGN_STYLE = Automatic;
				CURRENT_PROJECT_VERSION = 1;
				GENERATE_INFOPLIST_FILE = YES;
				INFOPLIST_FILE = DesafioTransitandoInformacoesEntreTelas/Info.plist;
				INFOPLIST_KEY_UIApplicationSupportsIndirectInputEvents = YES;
				INFOPLIST_KEY_UILaunchStoryboardName = LaunchScreen;
				INFOPLIST_KEY_UIMainStoryboardFile = Main;
				INFOPLIST_KEY_UISupportedInterfaceOrientations_iPad = "UIInterfaceOrientationPortrait UIInterfaceOrientationPortraitUpsideDown UIInterfaceOrientationLandscapeLeft UIInterfaceOrientationLandscapeRight";
				INFOPLIST_KEY_UISupportedInterfaceOrientations_iPhone = "UIInterfaceOrientationPortrait UIInterfaceOrientationLandscapeLeft UIInterfaceOrientationLandscapeRight";
				LD_RUNPATH_SEARCH_PATHS = (
					"$(inherited)",
					"@executable_path/Frameworks",
				);
				MARKETING_VERSION = 1.0;
				PRODUCT_BUNDLE_IDENTIFIER = BootcampiOS.DesafioTransitandoInformacoesEntreTelas;
				PRODUCT_NAME = "$(TARGET_NAME)";
				SWIFT_EMIT_LOC_STRINGS = YES;
				SWIFT_VERSION = 5.0;
				TARGETED_DEVICE_FAMILY = "1,2";
			};
			name = Debug;
		};
		1625E20D2C4888B300CC0151 /* Release */ = {
			isa = XCBuildConfiguration;
			buildSettings = {
				ASSETCATALOG_COMPILER_APPICON_NAME = AppIcon;
				ASSETCATALOG_COMPILER_GLOBAL_ACCENT_COLOR_NAME = AccentColor;
				CODE_SIGN_STYLE = Automatic;
				CURRENT_PROJECT_VERSION = 1;
				GENERATE_INFOPLIST_FILE = YES;
				INFOPLIST_FILE = DesafioTransitandoInformacoesEntreTelas/Info.plist;
				INFOPLIST_KEY_UIApplicationSupportsIndirectInputEvents = YES;
				INFOPLIST_KEY_UILaunchStoryboardName = LaunchScreen;
				INFOPLIST_KEY_UIMainStoryboardFile = Main;
				INFOPLIST_KEY_UISupportedInterfaceOrientations_iPad = "UIInterfaceOrientationPortrait UIInterfaceOrientationPortraitUpsideDown UIInterfaceOrientationLandscapeLeft UIInterfaceOrientationLandscapeRight";
				INFOPLIST_KEY_UISupportedInterfaceOrientations_iPhone = "UIInterfaceOrientationPortrait UIInterfaceOrientationLandscapeLeft UIInterfaceOrientationLandscapeRight";
				LD_RUNPATH_SEARCH_PATHS = (
					"$(inherited)",
					"@executable_path/Frameworks",
				);
				MARKETING_VERSION = 1.0;
				PRODUCT_BUNDLE_IDENTIFIER = BootcampiOS.DesafioTransitandoInformacoesEntreTelas;
				PRODUCT_NAME = "$(TARGET_NAME)";
				SWIFT_EMIT_LOC_STRINGS = YES;
				SWIFT_VERSION = 5.0;
				TARGETED_DEVICE_FAMILY = "1,2";
			};
			name = Release;
		};
/* End XCBuildConfiguration section */

/* Begin XCConfigurationList section */
		1625E1F22C4888B100CC0151 /* Build configuration list for PBXProject "DesafioTransitandoInformacoesEntreTelas" */ = {
			isa = XCConfigurationList;
			buildConfigurations = (
				1625E2092C4888B300CC0151 /* Debug */,
				1625E20A2C4888B300CC0151 /* Release */,
			);
			defaultConfigurationIsVisible = 0;
			defaultConfigurationName = Release;
		};
		1625E20B2C4888B300CC0151 /* Build configuration list for PBXNativeTarget "DesafioTransitandoInformacoesEntreTelas" */ = {
			isa = XCConfigurationList;
			buildConfigurations = (
				1625E20C2C4888B300CC0151 /* Debug */,
				1625E20D2C4888B300CC0151 /* Release */,
			);
			defaultConfigurationIsVisible = 0;
			defaultConfigurationName = Release;
		};
/* End XCConfigurationList section */
	};
	rootObject = 1625E1EF2C4888B100CC0151 /* Project object */;
}
