// !$*UTF8*$!
{
	archiveVersion = 1;
	classes = {
	};
	objectVersion = 56;
	objects = {

/* Begin PBXBuildFile section */
		16C8506D2C6189B50097F14F /* AppDelegate.swift in Sources */ = {isa = PBXBuildFile; fileRef = 16C8506C2C6189B50097F14F /* AppDelegate.swift */; };
		16C8506F2C6189B50097F14F /* SceneDelegate.swift in Sources */ = {isa = PBXBuildFile; fileRef = 16C8506E2C6189B50097F14F /* SceneDelegate.swift */; };
		16C850712C6189B50097F14F /* Tela01VC.swift in Sources */ = {isa = PBXBuildFile; fileRef = 16C850702C6189B50097F14F /* Tela01VC.swift */; };
		16C850762C6189B80097F14F /* Assets.xcassets in Resources */ = {isa = PBXBuildFile; fileRef = 16C850752C6189B80097F14F /* Assets.xcassets */; };
		16C850792C6189B80097F14F /* Base in Resources */ = {isa = PBXBuildFile; fileRef = 16C850782C6189B80097F14F /* Base */; };
		16C850822C6195A70097F14F /* MainTabBarController.swift in Sources */ = {isa = PBXBuildFile; fileRef = 16C850812C6195A70097F14F /* MainTabBarController.swift */; };
		16C850872C61965A0097F14F /* Tela02VC.swift in Sources */ = {isa = PBXBuildFile; fileRef = 16C850862C61965A0097F14F /* Tela02VC.swift */; };
		16C850892C6196A20097F14F /* Tela03VC.swift in Sources */ = {isa = PBXBuildFile; fileRef = 16C850882C6196A20097F14F /* Tela03VC.swift */; };
		16C8508C2C619AC40097F14F /* Tela01Screen.swift in Sources */ = {isa = PBXBuildFile; fileRef = 16C8508B2C619AC40097F14F /* Tela01Screen.swift */; };
/* End PBXBuildFile section */

/* Begin PBXFileReference section */
		16C850692C6189B50097F14F /* TabBarENotificationCenterViewCode.app */ = {isa = PBXFileReference; explicitFileType = wrapper.application; includeInIndex = 0; path = TabBarENotificationCenterViewCode.app; sourceTree = BUILT_PRODUCTS_DIR; };
		16C8506C2C6189B50097F14F /* AppDelegate.swift */ = {isa = PBXFileReference; lastKnownFileType = sourcecode.swift; path = AppDelegate.swift; sourceTree = "<group>"; };
		16C8506E2C6189B50097F14F /* SceneDelegate.swift */ = {isa = PBXFileReference; lastKnownFileType = sourcecode.swift; path = SceneDelegate.swift; sourceTree = "<group>"; };
		16C850702C6189B50097F14F /* Tela01VC.swift */ = {isa = PBXFileReference; lastKnownFileType = sourcecode.swift; path = Tela01VC.swift; sourceTree = "<group>"; };
		16C850752C6189B80097F14F /* Assets.xcassets */ = {isa = PBXFileReference; lastKnownFileType = folder.assetcatalog; path = Assets.xcassets; sourceTree = "<group>"; };
		16C850782C6189B80097F14F /* Base */ = {isa = PBXFileReference; lastKnownFileType = file.storyboard; name = Base; path = Base.lproj/LaunchScreen.storyboard; sourceTree = "<group>"; };
		16C8507A2C6189B80097F14F /* Info.plist */ = {isa = PBXFileReference; lastKnownFileType = text.plist.xml; path = Info.plist; sourceTree = "<group>"; };
		16C850812C6195A70097F14F /* MainTabBarController.swift */ = {isa = PBXFileReference; lastKnownFileType = sourcecode.swift; path = MainTabBarController.swift; sourceTree = "<group>"; };
		16C850862C61965A0097F14F /* Tela02VC.swift */ = {isa = PBXFileReference; lastKnownFileType = sourcecode.swift; path = Tela02VC.swift; sourceTree = "<group>"; };
		16C850882C6196A20097F14F /* Tela03VC.swift */ = {isa = PBXFileReference; lastKnownFileType = sourcecode.swift; path = Tela03VC.swift; sourceTree = "<group>"; };
		16C8508B2C619AC40097F14F /* Tela01Screen.swift */ = {isa = PBXFileReference; lastKnownFileType = sourcecode.swift; path = Tela01Screen.swift; sourceTree = "<group>"; };
/* End PBXFileReference section */

/* Begin PBXFrameworksBuildPhase section */
		16C850662C6189B50097F14F /* Frameworks */ = {
			isa = PBXFrameworksBuildPhase;
			buildActionMask = 2147483647;
			files = (
			);
			runOnlyForDeploymentPostprocessing = 0;
		};
/* End PBXFrameworksBuildPhase section */

/* Begin PBXGroup section */
		16C850602C6189B50097F14F = {
			isa = PBXGroup;
			children = (
				16C8506B2C6189B50097F14F /* TabBarENotificationCenterViewCode */,
				16C8506A2C6189B50097F14F /* Products */,
			);
			sourceTree = "<group>";
		};
		16C8506A2C6189B50097F14F /* Products */ = {
			isa = PBXGroup;
			children = (
				16C850692C6189B50097F14F /* TabBarENotificationCenterViewCode.app */,
			);
			name = Products;
			sourceTree = "<group>";
		};
		16C8506B2C6189B50097F14F /* TabBarENotificationCenterViewCode */ = {
			isa = PBXGroup;
			children = (
				16C850802C61957D0097F14F /* MainTabBarController */,
				16C850852C61962F0097F14F /* Tela03 */,
				16C850842C61961F0097F14F /* Tela02 */,
				16C850832C6196150097F14F /* Tela01 */,
				16C8506C2C6189B50097F14F /* AppDelegate.swift */,
				16C8506E2C6189B50097F14F /* SceneDelegate.swift */,
				16C850752C6189B80097F14F /* Assets.xcassets */,
				16C850772C6189B80097F14F /* LaunchScreen.storyboard */,
				16C8507A2C6189B80097F14F /* Info.plist */,
			);
			path = TabBarENotificationCenterViewCode;
			sourceTree = "<group>";
		};
		16C850802C61957D0097F14F /* MainTabBarController */ = {
			isa = PBXGroup;
			children = (
				16C850812C6195A70097F14F /* MainTabBarController.swift */,
			);
			path = MainTabBarController;
			sourceTree = "<group>";
		};
		16C850832C6196150097F14F /* Tela01 */ = {
			isa = PBXGroup;
			children = (
				16C8508A2C619AB70097F14F /* Screen */,
				16C850702C6189B50097F14F /* Tela01VC.swift */,
			);
			path = Tela01;
			sourceTree = "<group>";
		};
		16C850842C61961F0097F14F /* Tela02 */ = {
			isa = PBXGroup;
			children = (
				16C850862C61965A0097F14F /* Tela02VC.swift */,
			);
			path = Tela02;
			sourceTree = "<group>";
		};
		16C850852C61962F0097F14F /* Tela03 */ = {
			isa = PBXGroup;
			children = (
				16C850882C6196A20097F14F /* Tela03VC.swift */,
			);
			path = Tela03;
			sourceTree = "<group>";
		};
		16C8508A2C619AB70097F14F /* Screen */ = {
			isa = PBXGroup;
			children = (
				16C8508B2C619AC40097F14F /* Tela01Screen.swift */,
			);
			path = Screen;
			sourceTree = "<group>";
		};
/* End PBXGroup section */

/* Begin PBXNativeTarget section */
		16C850682C6189B50097F14F /* TabBarENotificationCenterViewCode */ = {
			isa = PBXNativeTarget;
			buildConfigurationList = 16C8507D2C6189B80097F14F /* Build configuration list for PBXNativeTarget "TabBarENotificationCenterViewCode" */;
			buildPhases = (
				16C850652C6189B50097F14F /* Sources */,
				16C850662C6189B50097F14F /* Frameworks */,
				16C850672C6189B50097F14F /* Resources */,
			);
			buildRules = (
			);
			dependencies = (
			);
			name = TabBarENotificationCenterViewCode;
			productName = TabBarENotificationCenterViewCode;
			productReference = 16C850692C6189B50097F14F /* TabBarENotificationCenterViewCode.app */;
			productType = "com.apple.product-type.application";
		};
/* End PBXNativeTarget section */

/* Begin PBXProject section */
		16C850612C6189B50097F14F /* Project object */ = {
			isa = PBXProject;
			attributes = {
				BuildIndependentTargetsInParallel = 1;
				LastSwiftUpdateCheck = 1540;
				LastUpgradeCheck = 1540;
				TargetAttributes = {
					16C850682C6189B50097F14F = {
						CreatedOnToolsVersion = 15.4;
					};
				};
			};
			buildConfigurationList = 16C850642C6189B50097F14F /* Build configuration list for PBXProject "TabBarENotificationCenterViewCode" */;
			compatibilityVersion = "Xcode 14.0";
			developmentRegion = en;
			hasScannedForEncodings = 0;
			knownRegions = (
				en,
				Base,
			);
			mainGroup = 16C850602C6189B50097F14F;
			productRefGroup = 16C8506A2C6189B50097F14F /* Products */;
			projectDirPath = "";
			projectRoot = "";
			targets = (
				16C850682C6189B50097F14F /* TabBarENotificationCenterViewCode */,
			);
		};
/* End PBXProject section */

/* Begin PBXResourcesBuildPhase section */
		16C850672C6189B50097F14F /* Resources */ = {
			isa = PBXResourcesBuildPhase;
			buildActionMask = 2147483647;
			files = (
				16C850762C6189B80097F14F /* Assets.xcassets in Resources */,
				16C850792C6189B80097F14F /* Base in Resources */,
			);
			runOnlyForDeploymentPostprocessing = 0;
		};
/* End PBXResourcesBuildPhase section */

/* Begin PBXSourcesBuildPhase section */
		16C850652C6189B50097F14F /* Sources */ = {
			isa = PBXSourcesBuildPhase;
			buildActionMask = 2147483647;
			files = (
				16C850872C61965A0097F14F /* Tela02VC.swift in Sources */,
				16C850892C6196A20097F14F /* Tela03VC.swift in Sources */,
				16C8508C2C619AC40097F14F /* Tela01Screen.swift in Sources */,
				16C850712C6189B50097F14F /* Tela01VC.swift in Sources */,
				16C850822C6195A70097F14F /* MainTabBarController.swift in Sources */,
				16C8506D2C6189B50097F14F /* AppDelegate.swift in Sources */,
				16C8506F2C6189B50097F14F /* SceneDelegate.swift in Sources */,
			);
			runOnlyForDeploymentPostprocessing = 0;
		};
/* End PBXSourcesBuildPhase section */

/* Begin PBXVariantGroup section */
		16C850772C6189B80097F14F /* LaunchScreen.storyboard */ = {
			isa = PBXVariantGroup;
			children = (
				16C850782C6189B80097F14F /* Base */,
			);
			name = LaunchScreen.storyboard;
			sourceTree = "<group>";
		};
/* End PBXVariantGroup section */

/* Begin XCBuildConfiguration section */
		16C8507B2C6189B80097F14F /* Debug */ = {
			isa = XCBuildConfiguration;
			buildSettings = {
				ALWAYS_SEARCH_USER_PATHS = NO;
				ASSETCATALOG_COMPILER_GENERATE_SWIFT_ASSET_SYMBOL_EXTENSIONS = YES;
				CLANG_ANALYZER_NONNULL = YES;
				CLANG_ANALYZER_NUMBER_OBJECT_CONVERSION = YES_AGGRESSIVE;
				CLANG_CXX_LANGUAGE_STANDARD = "gnu++20";
				CLANG_ENABLE_MODULES = YES;
				CLANG_ENABLE_OBJC_ARC = YES;
				CLANG_ENABLE_OBJC_WEAK = YES;
				CLANG_WARN_BLOCK_CAPTURE_AUTORELEASING = YES;
				CLANG_WARN_BOOL_CONVERSION = YES;
				CLANG_WARN_COMMA = YES;
				CLANG_WARN_CONSTANT_CONVERSION = YES;
				CLANG_WARN_DEPRECATED_OBJC_IMPLEMENTATIONS = YES;
				CLANG_WARN_DIRECT_OBJC_ISA_USAGE = YES_ERROR;
				CLANG_WARN_DOCUMENTATION_COMMENTS = YES;
				CLANG_WARN_EMPTY_BODY = YES;
				CLANG_WARN_ENUM_CONVERSION = YES;
				CLANG_WARN_INFINITE_RECURSION = YES;
				CLANG_WARN_INT_CONVERSION = YES;
				CLANG_WARN_NON_LITERAL_NULL_CONVERSION = YES;
				CLANG_WARN_OBJC_IMPLICIT_RETAIN_SELF = YES;
				CLANG_WARN_OBJC_LITERAL_CONVERSION = YES;
				CLANG_WARN_OBJC_ROOT_CLASS = YES_ERROR;
				CLANG_WARN_QUOTED_INCLUDE_IN_FRAMEWORK_HEADER = YES;
				CLANG_WARN_RANGE_LOOP_ANALYSIS = YES;
				CLANG_WARN_STRICT_PROTOTYPES = YES;
				CLANG_WARN_SUSPICIOUS_MOVE = YES;
				CLANG_WARN_UNGUARDED_AVAILABILITY = YES_AGGRESSIVE;
				CLANG_WARN_UNREACHABLE_CODE = YES;
				CLANG_WARN__DUPLICATE_METHOD_MATCH = YES;
				COPY_PHASE_STRIP = NO;
				DEBUG_INFORMATION_FORMAT = dwarf;
				ENABLE_STRICT_OBJC_MSGSEND = YES;
				ENABLE_TESTABILITY = YES;
				ENABLE_USER_SCRIPT_SANDBOXING = YES;
				GCC_C_LANGUAGE_STANDARD = gnu17;
				GCC_DYNAMIC_NO_PIC = NO;
				GCC_NO_COMMON_BLOCKS = YES;
				GCC_OPTIMIZATION_LEVEL = 0;
				GCC_PREPROCESSOR_DEFINITIONS = (
					"DEBUG=1",
					"$(inherited)",
				);
				GCC_WARN_64_TO_32_BIT_CONVERSION = YES;
				GCC_WARN_ABOUT_RETURN_TYPE = YES_ERROR;
				GCC_WARN_UNDECLARED_SELECTOR = YES;
				GCC_WARN_UNINITIALIZED_AUTOS = YES_AGGRESSIVE;
				GCC_WARN_UNUSED_FUNCTION = YES;
				GCC_WARN_UNUSED_VARIABLE = YES;
				IPHONEOS_DEPLOYMENT_TARGET = 17.5;
				LOCALIZATION_PREFERS_STRING_CATALOGS = YES;
				MTL_ENABLE_DEBUG_INFO = INCLUDE_SOURCE;
				MTL_FAST_MATH = YES;
				ONLY_ACTIVE_ARCH = YES;
				SDKROOT = iphoneos;
				SWIFT_ACTIVE_COMPILATION_CONDITIONS = "DEBUG $(inherited)";
				SWIFT_OPTIMIZATION_LEVEL = "-Onone";
			};
			name = Debug;
		};
		16C8507C2C6189B80097F14F /* Release */ = {
			isa = XCBuildConfiguration;
			buildSettings = {
				ALWAYS_SEARCH_USER_PATHS = NO;
				ASSETCATALOG_COMPILER_GENERATE_SWIFT_ASSET_SYMBOL_EXTENSIONS = YES;
				CLANG_ANALYZER_NONNULL = YES;
				CLANG_ANALYZER_NUMBER_OBJECT_CONVERSION = YES_AGGRESSIVE;
				CLANG_CXX_LANGUAGE_STANDARD = "gnu++20";
				CLANG_ENABLE_MODULES = YES;
				CLANG_ENABLE_OBJC_ARC = YES;
				CLANG_ENABLE_OBJC_WEAK = YES;
				CLANG_WARN_BLOCK_CAPTURE_AUTORELEASING = YES;
				CLANG_WARN_BOOL_CONVERSION = YES;
				CLANG_WARN_COMMA = YES;
				CLANG_WARN_CONSTANT_CONVERSION = YES;
				CLANG_WARN_DEPRECATED_OBJC_IMPLEMENTATIONS = YES;
				CLANG_WARN_DIRECT_OBJC_ISA_USAGE = YES_ERROR;
				CLANG_WARN_DOCUMENTATION_COMMENTS = YES;
				CLANG_WARN_EMPTY_BODY = YES;
				CLANG_WARN_ENUM_CONVERSION = YES;
				CLANG_WARN_INFINITE_RECURSION = YES;
				CLANG_WARN_INT_CONVERSION = YES;
				CLANG_WARN_NON_LITERAL_NULL_CONVERSION = YES;
				CLANG_WARN_OBJC_IMPLICIT_RETAIN_SELF = YES;
				CLANG_WARN_OBJC_LITERAL_CONVERSION = YES;
				CLANG_WARN_OBJC_ROOT_CLASS = YES_ERROR;
				CLANG_WARN_QUOTED_INCLUDE_IN_FRAMEWORK_HEADER = YES;
				CLANG_WARN_RANGE_LOOP_ANALYSIS = YES;
				CLANG_WARN_STRICT_PROTOTYPES = YES;
				CLANG_WARN_SUSPICIOUS_MOVE = YES;
				CLANG_WARN_UNGUARDED_AVAILABILITY = YES_AGGRESSIVE;
				CLANG_WARN_UNREACHABLE_CODE = YES;
				CLANG_WARN__DUPLICATE_METHOD_MATCH = YES;
				COPY_PHASE_STRIP = NO;
				DEBUG_INFORMATION_FORMAT = "dwarf-with-dsym";
				ENABLE_NS_ASSERTIONS = NO;
				ENABLE_STRICT_OBJC_MSGSEND = YES;
				ENABLE_USER_SCRIPT_SANDBOXING = YES;
				GCC_C_LANGUAGE_STANDARD = gnu17;
				GCC_NO_COMMON_BLOCKS = YES;
				GCC_WARN_64_TO_32_BIT_CONVERSION = YES;
				GCC_WARN_ABOUT_RETURN_TYPE = YES_ERROR;
				GCC_WARN_UNDECLARED_SELECTOR = YES;
				GCC_WARN_UNINITIALIZED_AUTOS = YES_AGGRESSIVE;
				GCC_WARN_UNUSED_FUNCTION = YES;
				GCC_WARN_UNUSED_VARIABLE = YES;
				IPHONEOS_DEPLOYMENT_TARGET = 17.5;
				LOCALIZATION_PREFERS_STRING_CATALOGS = YES;
				MTL_ENABLE_DEBUG_INFO = NO;
				MTL_FAST_MATH = YES;
				SDKROOT = iphoneos;
				SWIFT_COMPILATION_MODE = wholemodule;
				VALIDATE_PRODUCT = YES;
			};
			name = Release;
		};
		16C8507E2C6189B80097F14F /* Debug */ = {
			isa = XCBuildConfiguration;
			buildSettings = {
				ASSETCATALOG_COMPILER_APPICON_NAME = AppIcon;
				ASSETCATALOG_COMPILER_GLOBAL_ACCENT_COLOR_NAME = AccentColor;
				CODE_SIGN_STYLE = Automatic;
				CURRENT_PROJECT_VERSION = 1;
				GENERATE_INFOPLIST_FILE = YES;
				INFOPLIST_FILE = TabBarENotificationCenterViewCode/Info.plist;
				INFOPLIST_KEY_UIApplicationSupportsIndirectInputEvents = YES;
				INFOPLIST_KEY_UILaunchStoryboardName = LaunchScreen;
				INFOPLIST_KEY_UIMainStoryboardFile = "";
				INFOPLIST_KEY_UISupportedInterfaceOrientations_iPad = "UIInterfaceOrientationPortrait UIInterfaceOrientationPortraitUpsideDown UIInterfaceOrientationLandscapeLeft UIInterfaceOrientationLandscapeRight";
				INFOPLIST_KEY_UISupportedInterfaceOrientations_iPhone = "UIInterfaceOrientationPortrait UIInterfaceOrientationLandscapeLeft UIInterfaceOrientationLandscapeRight";
				LD_RUNPATH_SEARCH_PATHS = (
					"$(inherited)",
					"@executable_path/Frameworks",
				);
				MARKETING_VERSION = 1.0;
				PRODUCT_BUNDLE_IDENTIFIER = BootcampiOS.TabBarENotificationCenterViewCode;
				PRODUCT_NAME = "$(TARGET_NAME)";
				SWIFT_EMIT_LOC_STRINGS = YES;
				SWIFT_VERSION = 5.0;
				TARGETED_DEVICE_FAMILY = "1,2";
			};
			name = Debug;
		};
		16C8507F2C6189B80097F14F /* Release */ = {
			isa = XCBuildConfiguration;
			buildSettings = {
				ASSETCATALOG_COMPILER_APPICON_NAME = AppIcon;
				ASSETCATALOG_COMPILER_GLOBAL_ACCENT_COLOR_NAME = AccentColor;
				CODE_SIGN_STYLE = Automatic;
				CURRENT_PROJECT_VERSION = 1;
				GENERATE_INFOPLIST_FILE = YES;
				INFOPLIST_FILE = TabBarENotificationCenterViewCode/Info.plist;
				INFOPLIST_KEY_UIApplicationSupportsIndirectInputEvents = YES;
				INFOPLIST_KEY_UILaunchStoryboardName = LaunchScreen;
				INFOPLIST_KEY_UIMainStoryboardFile = "";
				INFOPLIST_KEY_UISupportedInterfaceOrientations_iPad = "UIInterfaceOrientationPortrait UIInterfaceOrientationPortraitUpsideDown UIInterfaceOrientationLandscapeLeft UIInterfaceOrientationLandscapeRight";
				INFOPLIST_KEY_UISupportedInterfaceOrientations_iPhone = "UIInterfaceOrientationPortrait UIInterfaceOrientationLandscapeLeft UIInterfaceOrientationLandscapeRight";
				LD_RUNPATH_SEARCH_PATHS = (
					"$(inherited)",
					"@executable_path/Frameworks",
				);
				MARKETING_VERSION = 1.0;
				PRODUCT_BUNDLE_IDENTIFIER = BootcampiOS.TabBarENotificationCenterViewCode;
				PRODUCT_NAME = "$(TARGET_NAME)";
				SWIFT_EMIT_LOC_STRINGS = YES;
				SWIFT_VERSION = 5.0;
				TARGETED_DEVICE_FAMILY = "1,2";
			};
			name = Release;
		};
/* End XCBuildConfiguration section */

/* Begin XCConfigurationList section */
		16C850642C6189B50097F14F /* Build configuration list for PBXProject "TabBarENotificationCenterViewCode" */ = {
			isa = XCConfigurationList;
			buildConfigurations = (
				16C8507B2C6189B80097F14F /* Debug */,
				16C8507C2C6189B80097F14F /* Release */,
			);
			defaultConfigurationIsVisible = 0;
			defaultConfigurationName = Release;
		};
		16C8507D2C6189B80097F14F /* Build configuration list for PBXNativeTarget "TabBarENotificationCenterViewCode" */ = {
			isa = XCConfigurationList;
			buildConfigurations = (
				16C8507E2C6189B80097F14F /* Debug */,
				16C8507F2C6189B80097F14F /* Release */,
			);
			defaultConfigurationIsVisible = 0;
			defaultConfigurationName = Release;
		};
/* End XCConfigurationList section */
	};
	rootObject = 16C850612C6189B50097F14F /* Project object */;
}
